// !$*UTF8*$!
{
	archiveVersion = 1;
	classes = {
	};
	objectVersion = 56;
	objects = {

/* Begin PBXBuildFile section */
		422D02E92B17A6360090891A /* windowsController.swift in Sources */ = {isa = PBXBuildFile; fileRef = 422D02E82B17A6360090891A /* windowsController.swift */; };
		422D02ED2B17C61D0090891A /* SpecsView.swift in Sources */ = {isa = PBXBuildFile; fileRef = 422D02EC2B17C61D0090891A /* SpecsView.swift */; };
		422D02EF2B17C6800090891A /* ToolBarObjects.swift in Sources */ = {isa = PBXBuildFile; fileRef = 422D02EE2B17C6800090891A /* ToolBarObjects.swift */; };
		422D02F12B17C6C40090891A /* hardwareDetector.swift in Sources */ = {isa = PBXBuildFile; fileRef = 422D02F02B17C6C40090891A /* hardwareDetector.swift */; };
		422D02F32B17C7090090891A /* scriptsFinder.swift in Sources */ = {isa = PBXBuildFile; fileRef = 422D02F22B17C7090090891A /* scriptsFinder.swift */; };
		422D02FB2B17C7C50090891A /* ramspecs.py in Resources */ = {isa = PBXBuildFile; fileRef = 422D02F92B17C7C50090891A /* ramspecs.py */; };
		422D02FC2B17C7C50090891A /* ssdspecs.py in Resources */ = {isa = PBXBuildFile; fileRef = 422D02FA2B17C7C50090891A /* ssdspecs.py */; };
		422D03002B17C8E80090891A /* HardwareListView.swift in Sources */ = {isa = PBXBuildFile; fileRef = 422D02FF2B17C8E80090891A /* HardwareListView.swift */; };
		422D03022B17C9030090891A /* SoftwareListView.swift in Sources */ = {isa = PBXBuildFile; fileRef = 422D03012B17C9030090891A /* SoftwareListView.swift */; };
		422D03072B17C9A60090891A /* CPUView.swift in Sources */ = {isa = PBXBuildFile; fileRef = 422D03062B17C9A60090891A /* CPUView.swift */; };
		422D03092B17C9C80090891A /* GraphicView.swift in Sources */ = {isa = PBXBuildFile; fileRef = 422D03082B17C9C80090891A /* GraphicView.swift */; };
		422D030B2B17CA3A0090891A /* NetworkView.swift in Sources */ = {isa = PBXBuildFile; fileRef = 422D030A2B17CA3A0090891A /* NetworkView.swift */; };
		422D030D2B17CA550090891A /* RAMView.swift in Sources */ = {isa = PBXBuildFile; fileRef = 422D030C2B17CA550090891A /* RAMView.swift */; };
		422D030F2B17CA710090891A /* ScreenView.swift in Sources */ = {isa = PBXBuildFile; fileRef = 422D030E2B17CA710090891A /* ScreenView.swift */; };
		422D03112B17CA8D0090891A /* StorageView.swift in Sources */ = {isa = PBXBuildFile; fileRef = 422D03102B17CA8C0090891A /* StorageView.swift */; };
		422D03132B17CACF0090891A /* SystemView.swift in Sources */ = {isa = PBXBuildFile; fileRef = 422D03122B17CACF0090891A /* SystemView.swift */; };
		4230CB3B2B372C1D00E21D4A /* macosInstallerController.swift in Sources */ = {isa = PBXBuildFile; fileRef = 4230CB3A2B372C1D00E21D4A /* macosInstallerController.swift */; };
		4238BF9D2B1776BF002A47FE /* ConfigureView.swift in Sources */ = {isa = PBXBuildFile; fileRef = 4238BF9C2B1776BF002A47FE /* ConfigureView.swift */; };
		4238BF9F2B1776C9002A47FE /* CreateView.swift in Sources */ = {isa = PBXBuildFile; fileRef = 4238BF9E2B1776C9002A47FE /* CreateView.swift */; };
		4238BFA12B178834002A47FE /* modelDetector.swift in Sources */ = {isa = PBXBuildFile; fileRef = 4238BFA02B178834002A47FE /* modelDetector.swift */; };
		425494292B37536300CB1D79 /* copyController.swift in Sources */ = {isa = PBXBuildFile; fileRef = 425494282B37536300CB1D79 /* copyController.swift */; };
		425D614E2B1A6D400033038F /* Zip in Frameworks */ = {isa = PBXBuildFile; productRef = 425D614D2B1A6D400033038F /* Zip */; };
		426AAB0F2B2E08AF0051AD29 /* gibMacOSController.swift in Sources */ = {isa = PBXBuildFile; fileRef = 426AAB0E2B2E08AF0051AD29 /* gibMacOSController.swift */; };
		42AD085D2B14E9D700AA9451 /* efiController.swift in Sources */ = {isa = PBXBuildFile; fileRef = 42AD085C2B14E9D700AA9451 /* efiController.swift */; };
		42AE1FA02B36FC7D0078CAE5 /* BuildmacOSInstallApp.command in Resources */ = {isa = PBXBuildFile; fileRef = 42AE1F8D2B36FC7D0078CAE5 /* BuildmacOSInstallApp.command */; };
		42AE1FA12B36FC7D0078CAE5 /* gibMacOS.command in Resources */ = {isa = PBXBuildFile; fileRef = 42AE1F8E2B36FC7D0078CAE5 /* gibMacOS.command */; };
		42AE1FA22B36FC7D0078CAE5 /* LICENSE in Resources */ = {isa = PBXBuildFile; fileRef = 42AE1F8F2B36FC7D0078CAE5 /* LICENSE */; };
		42AE1FA32B36FC7D0078CAE5 /* BuildmacOSInstallApp.py in Resources */ = {isa = PBXBuildFile; fileRef = 42AE1F902B36FC7D0078CAE5 /* BuildmacOSInstallApp.py */; };
		42AE1FA42B36FC7D0078CAE5 /* gibMacOS.py in Resources */ = {isa = PBXBuildFile; fileRef = 42AE1F912B36FC7D0078CAE5 /* gibMacOS.py */; };
		42AE1FA52B36FC7D0078CAE5 /* MakeInstall.py in Resources */ = {isa = PBXBuildFile; fileRef = 42AE1F922B36FC7D0078CAE5 /* MakeInstall.py */; };
		42AE1FA62B36FC7D0078CAE5 /* MakeInstall.bat in Resources */ = {isa = PBXBuildFile; fileRef = 42AE1F932B36FC7D0078CAE5 /* MakeInstall.bat */; };
		42AE1FA72B36FC7D0078CAE5 /* Readme.md in Resources */ = {isa = PBXBuildFile; fileRef = 42AE1F942B36FC7D0078CAE5 /* Readme.md */; };
		42AE1FA82B36FC7D0078CAE5 /* .gitignore in Resources */ = {isa = PBXBuildFile; fileRef = 42AE1F952B36FC7D0078CAE5 /* .gitignore */; };
		42AE1FA92B36FC7D0078CAE5 /* gibMacOS.bat in Resources */ = {isa = PBXBuildFile; fileRef = 42AE1F962B36FC7D0078CAE5 /* gibMacOS.bat */; };
		42AE1FB52B36FD7B0078CAE5 /* gibScripts in Resources */ = {isa = PBXBuildFile; fileRef = 42AE1FB42B36FD7B0078CAE5 /* gibScripts */; };
		42C249612B14CAFC00926D60 /* macintAllApp.swift in Sources */ = {isa = PBXBuildFile; fileRef = 42C249602B14CAFC00926D60 /* macintAllApp.swift */; };
		42C249632B14CAFC00926D60 /* ContentView.swift in Sources */ = {isa = PBXBuildFile; fileRef = 42C249622B14CAFC00926D60 /* ContentView.swift */; };
		42C249652B14CAFE00926D60 /* Assets.xcassets in Resources */ = {isa = PBXBuildFile; fileRef = 42C249642B14CAFE00926D60 /* Assets.xcassets */; };
		42C249682B14CAFE00926D60 /* Preview Assets.xcassets in Resources */ = {isa = PBXBuildFile; fileRef = 42C249672B14CAFE00926D60 /* Preview Assets.xcassets */; };
		42C249732B14CAFE00926D60 /* macintAllTests.swift in Sources */ = {isa = PBXBuildFile; fileRef = 42C249722B14CAFE00926D60 /* macintAllTests.swift */; };
		42C2497D2B14CAFE00926D60 /* macintAllUITests.swift in Sources */ = {isa = PBXBuildFile; fileRef = 42C2497C2B14CAFE00926D60 /* macintAllUITests.swift */; };
		42C2497F2B14CAFE00926D60 /* macintAllUITestsLaunchTests.swift in Sources */ = {isa = PBXBuildFile; fileRef = 42C2497E2B14CAFE00926D60 /* macintAllUITestsLaunchTests.swift */; };
		42CBCA892B1A51AE00C88E18 /* flashDriveController.swift in Sources */ = {isa = PBXBuildFile; fileRef = 42CBCA882B1A51AE00C88E18 /* flashDriveController.swift */; };
		42CBCA8B2B1A692500C88E18 /* ocDownloader.swift in Sources */ = {isa = PBXBuildFile; fileRef = 42CBCA8A2B1A692400C88E18 /* ocDownloader.swift */; };
/* End PBXBuildFile section */

/* Begin PBXContainerItemProxy section */
		42C2496F2B14CAFE00926D60 /* PBXContainerItemProxy */ = {
			isa = PBXContainerItemProxy;
			containerPortal = 42C249552B14CAFC00926D60 /* Project object */;
			proxyType = 1;
			remoteGlobalIDString = 42C2495C2B14CAFC00926D60;
			remoteInfo = macintAll;
		};
		42C249792B14CAFE00926D60 /* PBXContainerItemProxy */ = {
			isa = PBXContainerItemProxy;
			containerPortal = 42C249552B14CAFC00926D60 /* Project object */;
			proxyType = 1;
			remoteGlobalIDString = 42C2495C2B14CAFC00926D60;
			remoteInfo = macintAll;
		};
/* End PBXContainerItemProxy section */

/* Begin PBXFileReference section */
		422D02E82B17A6360090891A /* windowsController.swift */ = {isa = PBXFileReference; lastKnownFileType = sourcecode.swift; path = windowsController.swift; sourceTree = "<group>"; };
		422D02EC2B17C61D0090891A /* SpecsView.swift */ = {isa = PBXFileReference; lastKnownFileType = sourcecode.swift; path = SpecsView.swift; sourceTree = "<group>"; };
		422D02EE2B17C6800090891A /* ToolBarObjects.swift */ = {isa = PBXFileReference; lastKnownFileType = sourcecode.swift; path = ToolBarObjects.swift; sourceTree = "<group>"; };
		422D02F02B17C6C40090891A /* hardwareDetector.swift */ = {isa = PBXFileReference; lastKnownFileType = sourcecode.swift; path = hardwareDetector.swift; sourceTree = "<group>"; };
		422D02F22B17C7090090891A /* scriptsFinder.swift */ = {isa = PBXFileReference; lastKnownFileType = sourcecode.swift; path = scriptsFinder.swift; sourceTree = "<group>"; };
		422D02F92B17C7C50090891A /* ramspecs.py */ = {isa = PBXFileReference; fileEncoding = 4; lastKnownFileType = text.script.python; path = ramspecs.py; sourceTree = "<group>"; };
		422D02FA2B17C7C50090891A /* ssdspecs.py */ = {isa = PBXFileReference; fileEncoding = 4; lastKnownFileType = text.script.python; path = ssdspecs.py; sourceTree = "<group>"; };
		422D02FF2B17C8E80090891A /* HardwareListView.swift */ = {isa = PBXFileReference; lastKnownFileType = sourcecode.swift; path = HardwareListView.swift; sourceTree = "<group>"; };
		422D03012B17C9030090891A /* SoftwareListView.swift */ = {isa = PBXFileReference; lastKnownFileType = sourcecode.swift; path = SoftwareListView.swift; sourceTree = "<group>"; };
		422D03062B17C9A60090891A /* CPUView.swift */ = {isa = PBXFileReference; lastKnownFileType = sourcecode.swift; path = CPUView.swift; sourceTree = "<group>"; };
		422D03082B17C9C80090891A /* GraphicView.swift */ = {isa = PBXFileReference; lastKnownFileType = sourcecode.swift; path = GraphicView.swift; sourceTree = "<group>"; };
		422D030A2B17CA3A0090891A /* NetworkView.swift */ = {isa = PBXFileReference; lastKnownFileType = sourcecode.swift; path = NetworkView.swift; sourceTree = "<group>"; };
		422D030C2B17CA550090891A /* RAMView.swift */ = {isa = PBXFileReference; lastKnownFileType = sourcecode.swift; path = RAMView.swift; sourceTree = "<group>"; };
		422D030E2B17CA710090891A /* ScreenView.swift */ = {isa = PBXFileReference; lastKnownFileType = sourcecode.swift; path = ScreenView.swift; sourceTree = "<group>"; };
		422D03102B17CA8C0090891A /* StorageView.swift */ = {isa = PBXFileReference; lastKnownFileType = sourcecode.swift; path = StorageView.swift; sourceTree = "<group>"; };
		422D03122B17CACF0090891A /* SystemView.swift */ = {isa = PBXFileReference; lastKnownFileType = sourcecode.swift; path = SystemView.swift; sourceTree = "<group>"; };
		4230CB3A2B372C1D00E21D4A /* macosInstallerController.swift */ = {isa = PBXFileReference; lastKnownFileType = sourcecode.swift; path = macosInstallerController.swift; sourceTree = "<group>"; };
		4238BF9C2B1776BF002A47FE /* ConfigureView.swift */ = {isa = PBXFileReference; lastKnownFileType = sourcecode.swift; path = ConfigureView.swift; sourceTree = "<group>"; };
		4238BF9E2B1776C9002A47FE /* CreateView.swift */ = {isa = PBXFileReference; lastKnownFileType = sourcecode.swift; path = CreateView.swift; sourceTree = "<group>"; };
		4238BFA02B178834002A47FE /* modelDetector.swift */ = {isa = PBXFileReference; lastKnownFileType = sourcecode.swift; path = modelDetector.swift; sourceTree = "<group>"; };
		425494282B37536300CB1D79 /* copyController.swift */ = {isa = PBXFileReference; lastKnownFileType = sourcecode.swift; path = copyController.swift; sourceTree = "<group>"; };
		425D614B2B1A6C880033038F /* Package@swift-5.0.swift */ = {isa = PBXFileReference; lastKnownFileType = sourcecode.swift; name = "Package@swift-5.0.swift"; path = "../../../Downloads/Zip-2.1.2/Package@swift-5.0.swift"; sourceTree = "<group>"; };
		426AAB0E2B2E08AF0051AD29 /* gibMacOSController.swift */ = {isa = PBXFileReference; lastKnownFileType = sourcecode.swift; path = gibMacOSController.swift; sourceTree = "<group>"; };
		42AD085C2B14E9D700AA9451 /* efiController.swift */ = {isa = PBXFileReference; lastKnownFileType = sourcecode.swift; path = efiController.swift; sourceTree = "<group>"; };
		42AE1F8D2B36FC7D0078CAE5 /* BuildmacOSInstallApp.command */ = {isa = PBXFileReference; fileEncoding = 4; lastKnownFileType = text; path = BuildmacOSInstallApp.command; sourceTree = "<group>"; };
		42AE1F8E2B36FC7D0078CAE5 /* gibMacOS.command */ = {isa = PBXFileReference; fileEncoding = 4; lastKnownFileType = text; path = gibMacOS.command; sourceTree = "<group>"; };
		42AE1F8F2B36FC7D0078CAE5 /* LICENSE */ = {isa = PBXFileReference; fileEncoding = 4; lastKnownFileType = text; path = LICENSE; sourceTree = "<group>"; };
		42AE1F902B36FC7D0078CAE5 /* BuildmacOSInstallApp.py */ = {isa = PBXFileReference; fileEncoding = 4; lastKnownFileType = text.script.python; path = BuildmacOSInstallApp.py; sourceTree = "<group>"; };
		42AE1F912B36FC7D0078CAE5 /* gibMacOS.py */ = {isa = PBXFileReference; fileEncoding = 4; lastKnownFileType = text.script.python; path = gibMacOS.py; sourceTree = "<group>"; };
		42AE1F922B36FC7D0078CAE5 /* MakeInstall.py */ = {isa = PBXFileReference; fileEncoding = 4; lastKnownFileType = text.script.python; path = MakeInstall.py; sourceTree = "<group>"; };
		42AE1F932B36FC7D0078CAE5 /* MakeInstall.bat */ = {isa = PBXFileReference; fileEncoding = 4; lastKnownFileType = text; path = MakeInstall.bat; sourceTree = "<group>"; };
		42AE1F942B36FC7D0078CAE5 /* Readme.md */ = {isa = PBXFileReference; fileEncoding = 4; lastKnownFileType = net.daringfireball.markdown; path = Readme.md; sourceTree = "<group>"; };
		42AE1F952B36FC7D0078CAE5 /* .gitignore */ = {isa = PBXFileReference; fileEncoding = 4; lastKnownFileType = text; path = .gitignore; sourceTree = "<group>"; };
		42AE1F962B36FC7D0078CAE5 /* gibMacOS.bat */ = {isa = PBXFileReference; fileEncoding = 4; lastKnownFileType = text; path = gibMacOS.bat; sourceTree = "<group>"; };
		42AE1FB42B36FD7B0078CAE5 /* gibScripts */ = {isa = PBXFileReference; lastKnownFileType = folder; path = gibScripts; sourceTree = "<group>"; };
		42C2495D2B14CAFC00926D60 /* macintAll.app */ = {isa = PBXFileReference; explicitFileType = wrapper.application; includeInIndex = 0; path = macintAll.app; sourceTree = BUILT_PRODUCTS_DIR; };
		42C249602B14CAFC00926D60 /* macintAllApp.swift */ = {isa = PBXFileReference; lastKnownFileType = sourcecode.swift; path = macintAllApp.swift; sourceTree = "<group>"; };
		42C249622B14CAFC00926D60 /* ContentView.swift */ = {isa = PBXFileReference; lastKnownFileType = sourcecode.swift; path = ContentView.swift; sourceTree = "<group>"; };
		42C249642B14CAFE00926D60 /* Assets.xcassets */ = {isa = PBXFileReference; lastKnownFileType = folder.assetcatalog; path = Assets.xcassets; sourceTree = "<group>"; };
		42C249672B14CAFE00926D60 /* Preview Assets.xcassets */ = {isa = PBXFileReference; lastKnownFileType = folder.assetcatalog; path = "Preview Assets.xcassets"; sourceTree = "<group>"; };
		42C249692B14CAFE00926D60 /* macintAll.entitlements */ = {isa = PBXFileReference; lastKnownFileType = text.plist.entitlements; path = macintAll.entitlements; sourceTree = "<group>"; };
		42C2496E2B14CAFE00926D60 /* macintAllTests.xctest */ = {isa = PBXFileReference; explicitFileType = wrapper.cfbundle; includeInIndex = 0; path = macintAllTests.xctest; sourceTree = BUILT_PRODUCTS_DIR; };
		42C249722B14CAFE00926D60 /* macintAllTests.swift */ = {isa = PBXFileReference; lastKnownFileType = sourcecode.swift; path = macintAllTests.swift; sourceTree = "<group>"; };
		42C249782B14CAFE00926D60 /* macintAllUITests.xctest */ = {isa = PBXFileReference; explicitFileType = wrapper.cfbundle; includeInIndex = 0; path = macintAllUITests.xctest; sourceTree = BUILT_PRODUCTS_DIR; };
		42C2497C2B14CAFE00926D60 /* macintAllUITests.swift */ = {isa = PBXFileReference; lastKnownFileType = sourcecode.swift; path = macintAllUITests.swift; sourceTree = "<group>"; };
		42C2497E2B14CAFE00926D60 /* macintAllUITestsLaunchTests.swift */ = {isa = PBXFileReference; lastKnownFileType = sourcecode.swift; path = macintAllUITestsLaunchTests.swift; sourceTree = "<group>"; };
		42CBCA882B1A51AE00C88E18 /* flashDriveController.swift */ = {isa = PBXFileReference; lastKnownFileType = sourcecode.swift; path = flashDriveController.swift; sourceTree = "<group>"; };
		42CBCA8A2B1A692400C88E18 /* ocDownloader.swift */ = {isa = PBXFileReference; lastKnownFileType = sourcecode.swift; path = ocDownloader.swift; sourceTree = "<group>"; };
/* End PBXFileReference section */

/* Begin PBXFrameworksBuildPhase section */
		42C2495A2B14CAFC00926D60 /* Frameworks */ = {
			isa = PBXFrameworksBuildPhase;
			buildActionMask = 2147483647;
			files = (
				425D614E2B1A6D400033038F /* Zip in Frameworks */,
			);
			runOnlyForDeploymentPostprocessing = 0;
		};
		42C2496B2B14CAFE00926D60 /* Frameworks */ = {
			isa = PBXFrameworksBuildPhase;
			buildActionMask = 2147483647;
			files = (
			);
			runOnlyForDeploymentPostprocessing = 0;
		};
		42C249752B14CAFE00926D60 /* Frameworks */ = {
			isa = PBXFrameworksBuildPhase;
			buildActionMask = 2147483647;
			files = (
			);
			runOnlyForDeploymentPostprocessing = 0;
		};
/* End PBXFrameworksBuildPhase section */

/* Begin PBXGroup section */
		422D02F42B17C71E0090891A /* Project Scripts */ = {
			isa = PBXGroup;
			children = (
				422D02F92B17C7C50090891A /* ramspecs.py */,
				422D02FA2B17C7C50090891A /* ssdspecs.py */,
			);
			path = "Project Scripts";
			sourceTree = "<group>";
		};
		422D02FD2B17C7FE0090891A /* SpecsViews */ = {
			isa = PBXGroup;
			children = (
				422D02EC2B17C61D0090891A /* SpecsView.swift */,
				422D02EE2B17C6800090891A /* ToolBarObjects.swift */,
				422D02FF2B17C8E80090891A /* HardwareListView.swift */,
				422D03012B17C9030090891A /* SoftwareListView.swift */,
				422D03032B17C9620090891A /* DataViews */,
			);
			path = SpecsViews;
			sourceTree = "<group>";
		};
		422D03032B17C9620090891A /* DataViews */ = {
			isa = PBXGroup;
			children = (
				422D03042B17C9700090891A /* HardwareViews */,
				422D03052B17C97E0090891A /* SoftwareViews */,
			);
			path = DataViews;
			sourceTree = "<group>";
		};
		422D03042B17C9700090891A /* HardwareViews */ = {
			isa = PBXGroup;
			children = (
				422D03062B17C9A60090891A /* CPUView.swift */,
				422D03082B17C9C80090891A /* GraphicView.swift */,
				422D030A2B17CA3A0090891A /* NetworkView.swift */,
				422D030C2B17CA550090891A /* RAMView.swift */,
				422D030E2B17CA710090891A /* ScreenView.swift */,
				422D03102B17CA8C0090891A /* StorageView.swift */,
			);
			path = HardwareViews;
			sourceTree = "<group>";
		};
		422D03052B17C97E0090891A /* SoftwareViews */ = {
			isa = PBXGroup;
			children = (
				422D03122B17CACF0090891A /* SystemView.swift */,
			);
			path = SoftwareViews;
			sourceTree = "<group>";
		};
		4238BF9B2B177686002A47FE /* Views */ = {
			isa = PBXGroup;
			children = (
				42C249622B14CAFC00926D60 /* ContentView.swift */,
				4238BF9C2B1776BF002A47FE /* ConfigureView.swift */,
				4238BF9E2B1776C9002A47FE /* CreateView.swift */,
				422D02FD2B17C7FE0090891A /* SpecsViews */,
			);
			path = Views;
			sourceTree = "<group>";
		};
		425D61482B1A6BCB0033038F /* Libraries */ = {
			isa = PBXGroup;
			children = (
			);
			path = Libraries;
			sourceTree = "<group>";
		};
		425D614A2B1A6C880033038F /* Frameworks */ = {
			isa = PBXGroup;
			children = (
				425D614B2B1A6C880033038F /* Package@swift-5.0.swift */,
			);
			name = Frameworks;
			sourceTree = "<group>";
		};
		42AE1F8C2B36FC7D0078CAE5 /* gibMacOS */ = {
			isa = PBXGroup;
			children = (
				42AE1F8D2B36FC7D0078CAE5 /* BuildmacOSInstallApp.command */,
				42AE1F8E2B36FC7D0078CAE5 /* gibMacOS.command */,
				42AE1F8F2B36FC7D0078CAE5 /* LICENSE */,
				42AE1F902B36FC7D0078CAE5 /* BuildmacOSInstallApp.py */,
				42AE1F912B36FC7D0078CAE5 /* gibMacOS.py */,
				42AE1F922B36FC7D0078CAE5 /* MakeInstall.py */,
				42AE1F932B36FC7D0078CAE5 /* MakeInstall.bat */,
				42AE1F942B36FC7D0078CAE5 /* Readme.md */,
				42AE1F952B36FC7D0078CAE5 /* .gitignore */,
				42AE1F962B36FC7D0078CAE5 /* gibMacOS.bat */,
				42AE1FB42B36FD7B0078CAE5 /* gibScripts */,
			);
			name = gibMacOS;
			path = ../../../../../Downloads/gibMacOS;
			sourceTree = "<group>";
		};
		42C249542B14CAFC00926D60 = {
			isa = PBXGroup;
			children = (
				42C2495F2B14CAFC00926D60 /* macintAll */,
				42C249712B14CAFE00926D60 /* macintAllTests */,
				42C2497B2B14CAFE00926D60 /* macintAllUITests */,
				42C2495E2B14CAFC00926D60 /* Products */,
				425D614A2B1A6C880033038F /* Frameworks */,
			);
			sourceTree = "<group>";
		};
		42C2495E2B14CAFC00926D60 /* Products */ = {
			isa = PBXGroup;
			children = (
				42C2495D2B14CAFC00926D60 /* macintAll.app */,
				42C2496E2B14CAFE00926D60 /* macintAllTests.xctest */,
				42C249782B14CAFE00926D60 /* macintAllUITests.xctest */,
			);
			name = Products;
			sourceTree = "<group>";
		};
		42C2495F2B14CAFC00926D60 /* macintAll */ = {
			isa = PBXGroup;
			children = (
				425D61482B1A6BCB0033038F /* Libraries */,
				4238BF9B2B177686002A47FE /* Views */,
				42C2498B2B14CD8E00926D60 /* Modules */,
				422D02F42B17C71E0090891A /* Project Scripts */,
				42C249602B14CAFC00926D60 /* macintAllApp.swift */,
				42C249642B14CAFE00926D60 /* Assets.xcassets */,
				42C249692B14CAFE00926D60 /* macintAll.entitlements */,
				42C249662B14CAFE00926D60 /* Preview Content */,
			);
			path = macintAll;
			sourceTree = "<group>";
		};
		42C249662B14CAFE00926D60 /* Preview Content */ = {
			isa = PBXGroup;
			children = (
				42C249672B14CAFE00926D60 /* Preview Assets.xcassets */,
			);
			path = "Preview Content";
			sourceTree = "<group>";
		};
		42C249712B14CAFE00926D60 /* macintAllTests */ = {
			isa = PBXGroup;
			children = (
				42C249722B14CAFE00926D60 /* macintAllTests.swift */,
			);
			path = macintAllTests;
			sourceTree = "<group>";
		};
		42C2497B2B14CAFE00926D60 /* macintAllUITests */ = {
			isa = PBXGroup;
			children = (
				42C2497C2B14CAFE00926D60 /* macintAllUITests.swift */,
				42C2497E2B14CAFE00926D60 /* macintAllUITestsLaunchTests.swift */,
			);
			path = macintAllUITests;
			sourceTree = "<group>";
		};
		42C2498B2B14CD8E00926D60 /* Modules */ = {
			isa = PBXGroup;
			children = (
				42AE1F8C2B36FC7D0078CAE5 /* gibMacOS */,
				42AD085C2B14E9D700AA9451 /* efiController.swift */,
				4238BFA02B178834002A47FE /* modelDetector.swift */,
				422D02E82B17A6360090891A /* windowsController.swift */,
				422D02F02B17C6C40090891A /* hardwareDetector.swift */,
				422D02F22B17C7090090891A /* scriptsFinder.swift */,
				42CBCA882B1A51AE00C88E18 /* flashDriveController.swift */,
				42CBCA8A2B1A692400C88E18 /* ocDownloader.swift */,
				426AAB0E2B2E08AF0051AD29 /* gibMacOSController.swift */,
				4230CB3A2B372C1D00E21D4A /* macosInstallerController.swift */,
				425494282B37536300CB1D79 /* copyController.swift */,
			);
			path = Modules;
			sourceTree = "<group>";
		};
/* End PBXGroup section */

/* Begin PBXNativeTarget section */
		42C2495C2B14CAFC00926D60 /* macintAll */ = {
			isa = PBXNativeTarget;
			buildConfigurationList = 42C249822B14CAFE00926D60 /* Build configuration list for PBXNativeTarget "macintAll" */;
			buildPhases = (
				42C249592B14CAFC00926D60 /* Sources */,
				42C2495A2B14CAFC00926D60 /* Frameworks */,
				42C2495B2B14CAFC00926D60 /* Resources */,
			);
			buildRules = (
			);
			dependencies = (
			);
			name = macintAll;
			packageProductDependencies = (
				425D614D2B1A6D400033038F /* Zip */,
			);
			productName = macintAll;
			productReference = 42C2495D2B14CAFC00926D60 /* macintAll.app */;
			productType = "com.apple.product-type.application";
		};
		42C2496D2B14CAFE00926D60 /* macintAllTests */ = {
			isa = PBXNativeTarget;
			buildConfigurationList = 42C249852B14CAFE00926D60 /* Build configuration list for PBXNativeTarget "macintAllTests" */;
			buildPhases = (
				42C2496A2B14CAFE00926D60 /* Sources */,
				42C2496B2B14CAFE00926D60 /* Frameworks */,
				42C2496C2B14CAFE00926D60 /* Resources */,
			);
			buildRules = (
			);
			dependencies = (
				42C249702B14CAFE00926D60 /* PBXTargetDependency */,
			);
			name = macintAllTests;
			productName = macintAllTests;
			productReference = 42C2496E2B14CAFE00926D60 /* macintAllTests.xctest */;
			productType = "com.apple.product-type.bundle.unit-test";
		};
		42C249772B14CAFE00926D60 /* macintAllUITests */ = {
			isa = PBXNativeTarget;
			buildConfigurationList = 42C249882B14CAFE00926D60 /* Build configuration list for PBXNativeTarget "macintAllUITests" */;
			buildPhases = (
				42C249742B14CAFE00926D60 /* Sources */,
				42C249752B14CAFE00926D60 /* Frameworks */,
				42C249762B14CAFE00926D60 /* Resources */,
			);
			buildRules = (
			);
			dependencies = (
				42C2497A2B14CAFE00926D60 /* PBXTargetDependency */,
			);
			name = macintAllUITests;
			productName = macintAllUITests;
			productReference = 42C249782B14CAFE00926D60 /* macintAllUITests.xctest */;
			productType = "com.apple.product-type.bundle.ui-testing";
		};
/* End PBXNativeTarget section */

/* Begin PBXProject section */
		42C249552B14CAFC00926D60 /* Project object */ = {
			isa = PBXProject;
			attributes = {
				BuildIndependentTargetsInParallel = 1;
				LastSwiftUpdateCheck = 1500;
				LastUpgradeCheck = 1500;
				TargetAttributes = {
					42C2495C2B14CAFC00926D60 = {
						CreatedOnToolsVersion = 15.0.1;
					};
					42C2496D2B14CAFE00926D60 = {
						CreatedOnToolsVersion = 15.0.1;
						TestTargetID = 42C2495C2B14CAFC00926D60;
					};
					42C249772B14CAFE00926D60 = {
						CreatedOnToolsVersion = 15.0.1;
						TestTargetID = 42C2495C2B14CAFC00926D60;
					};
				};
			};
			buildConfigurationList = 42C249582B14CAFC00926D60 /* Build configuration list for PBXProject "macintAll" */;
			compatibilityVersion = "Xcode 14.0";
			developmentRegion = en;
			hasScannedForEncodings = 0;
			knownRegions = (
				en,
				Base,
			);
			mainGroup = 42C249542B14CAFC00926D60;
			packageReferences = (
				425D614C2B1A6D400033038F /* XCRemoteSwiftPackageReference "Zip" */,
			);
			productRefGroup = 42C2495E2B14CAFC00926D60 /* Products */;
			projectDirPath = "";
			projectRoot = "";
			targets = (
				42C2495C2B14CAFC00926D60 /* macintAll */,
				42C2496D2B14CAFE00926D60 /* macintAllTests */,
				42C249772B14CAFE00926D60 /* macintAllUITests */,
			);
		};
/* End PBXProject section */

/* Begin PBXResourcesBuildPhase section */
		42C2495B2B14CAFC00926D60 /* Resources */ = {
			isa = PBXResourcesBuildPhase;
			buildActionMask = 2147483647;
			files = (
				42AE1FA32B36FC7D0078CAE5 /* BuildmacOSInstallApp.py in Resources */,
				42AE1FB52B36FD7B0078CAE5 /* gibScripts in Resources */,
				42AE1FA62B36FC7D0078CAE5 /* MakeInstall.bat in Resources */,
				42AE1FA02B36FC7D0078CAE5 /* BuildmacOSInstallApp.command in Resources */,
				42AE1FA92B36FC7D0078CAE5 /* gibMacOS.bat in Resources */,
				42AE1FA12B36FC7D0078CAE5 /* gibMacOS.command in Resources */,
				42AE1FA22B36FC7D0078CAE5 /* LICENSE in Resources */,
				42AE1FA42B36FC7D0078CAE5 /* gibMacOS.py in Resources */,
				42AE1FA72B36FC7D0078CAE5 /* Readme.md in Resources */,
				42AE1FA82B36FC7D0078CAE5 /* .gitignore in Resources */,
				42C249682B14CAFE00926D60 /* Preview Assets.xcassets in Resources */,
				422D02FB2B17C7C50090891A /* ramspecs.py in Resources */,
				422D02FC2B17C7C50090891A /* ssdspecs.py in Resources */,
				42AE1FA52B36FC7D0078CAE5 /* MakeInstall.py in Resources */,
				42C249652B14CAFE00926D60 /* Assets.xcassets in Resources */,
			);
			runOnlyForDeploymentPostprocessing = 0;
		};
		42C2496C2B14CAFE00926D60 /* Resources */ = {
			isa = PBXResourcesBuildPhase;
			buildActionMask = 2147483647;
			files = (
			);
			runOnlyForDeploymentPostprocessing = 0;
		};
		42C249762B14CAFE00926D60 /* Resources */ = {
			isa = PBXResourcesBuildPhase;
			buildActionMask = 2147483647;
			files = (
			);
			runOnlyForDeploymentPostprocessing = 0;
		};
/* End PBXResourcesBuildPhase section */

/* Begin PBXSourcesBuildPhase section */
		42C249592B14CAFC00926D60 /* Sources */ = {
			isa = PBXSourcesBuildPhase;
			buildActionMask = 2147483647;
			files = (
				422D02E92B17A6360090891A /* windowsController.swift in Sources */,
				425494292B37536300CB1D79 /* copyController.swift in Sources */,
				422D030B2B17CA3A0090891A /* NetworkView.swift in Sources */,
				422D03112B17CA8D0090891A /* StorageView.swift in Sources */,
				422D03072B17C9A60090891A /* CPUView.swift in Sources */,
				42C249632B14CAFC00926D60 /* ContentView.swift in Sources */,
				422D03002B17C8E80090891A /* HardwareListView.swift in Sources */,
				42AD085D2B14E9D700AA9451 /* efiController.swift in Sources */,
				422D03132B17CACF0090891A /* SystemView.swift in Sources */,
				422D02ED2B17C61D0090891A /* SpecsView.swift in Sources */,
				422D02F32B17C7090090891A /* scriptsFinder.swift in Sources */,
				42C249612B14CAFC00926D60 /* macintAllApp.swift in Sources */,
				422D03092B17C9C80090891A /* GraphicView.swift in Sources */,
				4238BFA12B178834002A47FE /* modelDetector.swift in Sources */,
				4238BF9D2B1776BF002A47FE /* ConfigureView.swift in Sources */,
				422D030F2B17CA710090891A /* ScreenView.swift in Sources */,
				4238BF9F2B1776C9002A47FE /* CreateView.swift in Sources */,
				42CBCA8B2B1A692500C88E18 /* ocDownloader.swift in Sources */,
				422D03022B17C9030090891A /* SoftwareListView.swift in Sources */,
				422D030D2B17CA550090891A /* RAMView.swift in Sources */,
				42CBCA892B1A51AE00C88E18 /* flashDriveController.swift in Sources */,
				422D02EF2B17C6800090891A /* ToolBarObjects.swift in Sources */,
				422D02F12B17C6C40090891A /* hardwareDetector.swift in Sources */,
				4230CB3B2B372C1D00E21D4A /* macosInstallerController.swift in Sources */,
				426AAB0F2B2E08AF0051AD29 /* gibMacOSController.swift in Sources */,
			);
			runOnlyForDeploymentPostprocessing = 0;
		};
		42C2496A2B14CAFE00926D60 /* Sources */ = {
			isa = PBXSourcesBuildPhase;
			buildActionMask = 2147483647;
			files = (
				42C249732B14CAFE00926D60 /* macintAllTests.swift in Sources */,
			);
			runOnlyForDeploymentPostprocessing = 0;
		};
		42C249742B14CAFE00926D60 /* Sources */ = {
			isa = PBXSourcesBuildPhase;
			buildActionMask = 2147483647;
			files = (
				42C2497F2B14CAFE00926D60 /* macintAllUITestsLaunchTests.swift in Sources */,
				42C2497D2B14CAFE00926D60 /* macintAllUITests.swift in Sources */,
			);
			runOnlyForDeploymentPostprocessing = 0;
		};
/* End PBXSourcesBuildPhase section */

/* Begin PBXTargetDependency section */
		42C249702B14CAFE00926D60 /* PBXTargetDependency */ = {
			isa = PBXTargetDependency;
			target = 42C2495C2B14CAFC00926D60 /* macintAll */;
			targetProxy = 42C2496F2B14CAFE00926D60 /* PBXContainerItemProxy */;
		};
		42C2497A2B14CAFE00926D60 /* PBXTargetDependency */ = {
			isa = PBXTargetDependency;
			target = 42C2495C2B14CAFC00926D60 /* macintAll */;
			targetProxy = 42C249792B14CAFE00926D60 /* PBXContainerItemProxy */;
		};
/* End PBXTargetDependency section */

/* Begin XCBuildConfiguration section */
		42C249802B14CAFE00926D60 /* Debug */ = {
			isa = XCBuildConfiguration;
			buildSettings = {
				ALWAYS_SEARCH_USER_PATHS = NO;
				ASSETCATALOG_COMPILER_GENERATE_SWIFT_ASSET_SYMBOL_EXTENSIONS = YES;
				CLANG_ANALYZER_NONNULL = YES;
				CLANG_ANALYZER_NUMBER_OBJECT_CONVERSION = YES_AGGRESSIVE;
				CLANG_CXX_LANGUAGE_STANDARD = "gnu++20";
				CLANG_ENABLE_MODULES = YES;
				CLANG_ENABLE_OBJC_ARC = YES;
				CLANG_ENABLE_OBJC_WEAK = YES;
				CLANG_WARN_BLOCK_CAPTURE_AUTORELEASING = YES;
				CLANG_WARN_BOOL_CONVERSION = YES;
				CLANG_WARN_COMMA = YES;
				CLANG_WARN_CONSTANT_CONVERSION = YES;
				CLANG_WARN_DEPRECATED_OBJC_IMPLEMENTATIONS = YES;
				CLANG_WARN_DIRECT_OBJC_ISA_USAGE = YES_ERROR;
				CLANG_WARN_DOCUMENTATION_COMMENTS = YES;
				CLANG_WARN_EMPTY_BODY = YES;
				CLANG_WARN_ENUM_CONVERSION = YES;
				CLANG_WARN_INFINITE_RECURSION = YES;
				CLANG_WARN_INT_CONVERSION = YES;
				CLANG_WARN_NON_LITERAL_NULL_CONVERSION = YES;
				CLANG_WARN_OBJC_IMPLICIT_RETAIN_SELF = YES;
				CLANG_WARN_OBJC_LITERAL_CONVERSION = YES;
				CLANG_WARN_OBJC_ROOT_CLASS = YES_ERROR;
				CLANG_WARN_QUOTED_INCLUDE_IN_FRAMEWORK_HEADER = YES;
				CLANG_WARN_RANGE_LOOP_ANALYSIS = YES;
				CLANG_WARN_STRICT_PROTOTYPES = YES;
				CLANG_WARN_SUSPICIOUS_MOVE = YES;
				CLANG_WARN_UNGUARDED_AVAILABILITY = YES_AGGRESSIVE;
				CLANG_WARN_UNREACHABLE_CODE = YES;
				CLANG_WARN__DUPLICATE_METHOD_MATCH = YES;
				COPY_PHASE_STRIP = NO;
				DEBUG_INFORMATION_FORMAT = dwarf;
				ENABLE_STRICT_OBJC_MSGSEND = YES;
				ENABLE_TESTABILITY = YES;
				ENABLE_USER_SCRIPT_SANDBOXING = YES;
				GCC_C_LANGUAGE_STANDARD = gnu17;
				GCC_DYNAMIC_NO_PIC = NO;
				GCC_NO_COMMON_BLOCKS = YES;
				GCC_OPTIMIZATION_LEVEL = 0;
				GCC_PREPROCESSOR_DEFINITIONS = (
					"DEBUG=1",
					"$(inherited)",
				);
				GCC_WARN_64_TO_32_BIT_CONVERSION = YES;
				GCC_WARN_ABOUT_RETURN_TYPE = YES_ERROR;
				GCC_WARN_UNDECLARED_SELECTOR = YES;
				GCC_WARN_UNINITIALIZED_AUTOS = YES_AGGRESSIVE;
				GCC_WARN_UNUSED_FUNCTION = YES;
				GCC_WARN_UNUSED_VARIABLE = YES;
				LOCALIZATION_PREFERS_STRING_CATALOGS = YES;
				MACOSX_DEPLOYMENT_TARGET = 13.6;
				MTL_ENABLE_DEBUG_INFO = INCLUDE_SOURCE;
				MTL_FAST_MATH = YES;
				ONLY_ACTIVE_ARCH = YES;
				SDKROOT = macosx;
				SWIFT_ACTIVE_COMPILATION_CONDITIONS = "DEBUG $(inherited)";
				SWIFT_OPTIMIZATION_LEVEL = "-Onone";
			};
			name = Debug;
		};
		42C249812B14CAFE00926D60 /* Release */ = {
			isa = XCBuildConfiguration;
			buildSettings = {
				ALWAYS_SEARCH_USER_PATHS = NO;
				ASSETCATALOG_COMPILER_GENERATE_SWIFT_ASSET_SYMBOL_EXTENSIONS = YES;
				CLANG_ANALYZER_NONNULL = YES;
				CLANG_ANALYZER_NUMBER_OBJECT_CONVERSION = YES_AGGRESSIVE;
				CLANG_CXX_LANGUAGE_STANDARD = "gnu++20";
				CLANG_ENABLE_MODULES = YES;
				CLANG_ENABLE_OBJC_ARC = YES;
				CLANG_ENABLE_OBJC_WEAK = YES;
				CLANG_WARN_BLOCK_CAPTURE_AUTORELEASING = YES;
				CLANG_WARN_BOOL_CONVERSION = YES;
				CLANG_WARN_COMMA = YES;
				CLANG_WARN_CONSTANT_CONVERSION = YES;
				CLANG_WARN_DEPRECATED_OBJC_IMPLEMENTATIONS = YES;
				CLANG_WARN_DIRECT_OBJC_ISA_USAGE = YES_ERROR;
				CLANG_WARN_DOCUMENTATION_COMMENTS = YES;
				CLANG_WARN_EMPTY_BODY = YES;
				CLANG_WARN_ENUM_CONVERSION = YES;
				CLANG_WARN_INFINITE_RECURSION = YES;
				CLANG_WARN_INT_CONVERSION = YES;
				CLANG_WARN_NON_LITERAL_NULL_CONVERSION = YES;
				CLANG_WARN_OBJC_IMPLICIT_RETAIN_SELF = YES;
				CLANG_WARN_OBJC_LITERAL_CONVERSION = YES;
				CLANG_WARN_OBJC_ROOT_CLASS = YES_ERROR;
				CLANG_WARN_QUOTED_INCLUDE_IN_FRAMEWORK_HEADER = YES;
				CLANG_WARN_RANGE_LOOP_ANALYSIS = YES;
				CLANG_WARN_STRICT_PROTOTYPES = YES;
				CLANG_WARN_SUSPICIOUS_MOVE = YES;
				CLANG_WARN_UNGUARDED_AVAILABILITY = YES_AGGRESSIVE;
				CLANG_WARN_UNREACHABLE_CODE = YES;
				CLANG_WARN__DUPLICATE_METHOD_MATCH = YES;
				COPY_PHASE_STRIP = NO;
				DEBUG_INFORMATION_FORMAT = "dwarf-with-dsym";
				ENABLE_NS_ASSERTIONS = NO;
				ENABLE_STRICT_OBJC_MSGSEND = YES;
				ENABLE_USER_SCRIPT_SANDBOXING = YES;
				GCC_C_LANGUAGE_STANDARD = gnu17;
				GCC_NO_COMMON_BLOCKS = YES;
				GCC_WARN_64_TO_32_BIT_CONVERSION = YES;
				GCC_WARN_ABOUT_RETURN_TYPE = YES_ERROR;
				GCC_WARN_UNDECLARED_SELECTOR = YES;
				GCC_WARN_UNINITIALIZED_AUTOS = YES_AGGRESSIVE;
				GCC_WARN_UNUSED_FUNCTION = YES;
				GCC_WARN_UNUSED_VARIABLE = YES;
				LOCALIZATION_PREFERS_STRING_CATALOGS = YES;
				MACOSX_DEPLOYMENT_TARGET = 13.6;
				MTL_ENABLE_DEBUG_INFO = NO;
				MTL_FAST_MATH = YES;
				SDKROOT = macosx;
				SWIFT_COMPILATION_MODE = wholemodule;
			};
			name = Release;
		};
		42C249832B14CAFE00926D60 /* Debug */ = {
			isa = XCBuildConfiguration;
			buildSettings = {
				ASSETCATALOG_COMPILER_APPICON_NAME = AppIcon;
				ASSETCATALOG_COMPILER_GLOBAL_ACCENT_COLOR_NAME = AccentColor;
				CODE_SIGN_ENTITLEMENTS = macintAll/macintAll.entitlements;
				"CODE_SIGN_IDENTITY[sdk=macosx*]" = "Apple Development";
				CODE_SIGN_STYLE = Automatic;
				COMBINE_HIDPI_IMAGES = YES;
				CURRENT_PROJECT_VERSION = 1;
				DEVELOPMENT_ASSET_PATHS = "\"macintAll/Preview Content\"";
				DEVELOPMENT_TEAM = TVLRWAB39R;
				ENABLE_HARDENED_RUNTIME = YES;
				ENABLE_PREVIEWS = YES;
				GENERATE_INFOPLIST_FILE = YES;
				INFOPLIST_KEY_NSHumanReadableCopyright = "";
				LD_RUNPATH_SEARCH_PATHS = (
					"$(inherited)",
					"@executable_path/../Frameworks",
				);
				MARKETING_VERSION = 1.0;
				PRODUCT_BUNDLE_IDENTIFIER = kmakieiev.macintAll;
				PRODUCT_NAME = "$(TARGET_NAME)";
				SWIFT_EMIT_LOC_STRINGS = YES;
				SWIFT_VERSION = 5.0;
			};
			name = Debug;
		};
		42C249842B14CAFE00926D60 /* Release */ = {
			isa = XCBuildConfiguration;
			buildSettings = {
				ASSETCATALOG_COMPILER_APPICON_NAME = AppIcon;
				ASSETCATALOG_COMPILER_GLOBAL_ACCENT_COLOR_NAME = AccentColor;
				CODE_SIGN_ENTITLEMENTS = macintAll/macintAll.entitlements;
				"CODE_SIGN_IDENTITY[sdk=macosx*]" = "Apple Development";
				CODE_SIGN_STYLE = Automatic;
				COMBINE_HIDPI_IMAGES = YES;
				CURRENT_PROJECT_VERSION = 1;
				DEVELOPMENT_ASSET_PATHS = "\"macintAll/Preview Content\"";
				DEVELOPMENT_TEAM = TVLRWAB39R;
				ENABLE_HARDENED_RUNTIME = YES;
				ENABLE_PREVIEWS = YES;
				GENERATE_INFOPLIST_FILE = YES;
				INFOPLIST_KEY_NSHumanReadableCopyright = "";
				LD_RUNPATH_SEARCH_PATHS = (
					"$(inherited)",
					"@executable_path/../Frameworks",
				);
				MARKETING_VERSION = 1.0;
				PRODUCT_BUNDLE_IDENTIFIER = kmakieiev.macintAll;
				PRODUCT_NAME = "$(TARGET_NAME)";
				SWIFT_EMIT_LOC_STRINGS = YES;
				SWIFT_VERSION = 5.0;
			};
			name = Release;
		};
		42C249862B14CAFE00926D60 /* Debug */ = {
			isa = XCBuildConfiguration;
			buildSettings = {
				ALWAYS_EMBED_SWIFT_STANDARD_LIBRARIES = YES;
				BUNDLE_LOADER = "$(TEST_HOST)";
				CODE_SIGN_STYLE = Automatic;
				CURRENT_PROJECT_VERSION = 1;
				DEVELOPMENT_TEAM = TVLRWAB39R;
				GENERATE_INFOPLIST_FILE = YES;
				MACOSX_DEPLOYMENT_TARGET = 13.6;
				MARKETING_VERSION = 1.0;
				PRODUCT_BUNDLE_IDENTIFIER = kmakieiev.macintAllTests;
				PRODUCT_NAME = "$(TARGET_NAME)";
				SWIFT_EMIT_LOC_STRINGS = NO;
				SWIFT_VERSION = 5.0;
				TEST_HOST = "$(BUILT_PRODUCTS_DIR)/macintAll.app/$(BUNDLE_EXECUTABLE_FOLDER_PATH)/macintAll";
			};
			name = Debug;
		};
		42C249872B14CAFE00926D60 /* Release */ = {
			isa = XCBuildConfiguration;
			buildSettings = {
				ALWAYS_EMBED_SWIFT_STANDARD_LIBRARIES = YES;
				BUNDLE_LOADER = "$(TEST_HOST)";
				CODE_SIGN_STYLE = Automatic;
				CURRENT_PROJECT_VERSION = 1;
				DEVELOPMENT_TEAM = TVLRWAB39R;
				GENERATE_INFOPLIST_FILE = YES;
				MACOSX_DEPLOYMENT_TARGET = 13.6;
				MARKETING_VERSION = 1.0;
				PRODUCT_BUNDLE_IDENTIFIER = kmakieiev.macintAllTests;
				PRODUCT_NAME = "$(TARGET_NAME)";
				SWIFT_EMIT_LOC_STRINGS = NO;
				SWIFT_VERSION = 5.0;
				TEST_HOST = "$(BUILT_PRODUCTS_DIR)/macintAll.app/$(BUNDLE_EXECUTABLE_FOLDER_PATH)/macintAll";
			};
			name = Release;
		};
		42C249892B14CAFE00926D60 /* Debug */ = {
			isa = XCBuildConfiguration;
			buildSettings = {
				ALWAYS_EMBED_SWIFT_STANDARD_LIBRARIES = YES;
				CODE_SIGN_STYLE = Automatic;
				CURRENT_PROJECT_VERSION = 1;
				DEVELOPMENT_TEAM = TVLRWAB39R;
				GENERATE_INFOPLIST_FILE = YES;
				MARKETING_VERSION = 1.0;
				PRODUCT_BUNDLE_IDENTIFIER = kmakieiev.macintAllUITests;
				PRODUCT_NAME = "$(TARGET_NAME)";
				SWIFT_EMIT_LOC_STRINGS = NO;
				SWIFT_VERSION = 5.0;
				TEST_TARGET_NAME = macintAll;
			};
			name = Debug;
		};
		42C2498A2B14CAFE00926D60 /* Release */ = {
			isa = XCBuildConfiguration;
			buildSettings = {
				ALWAYS_EMBED_SWIFT_STANDARD_LIBRARIES = YES;
				CODE_SIGN_STYLE = Automatic;
				CURRENT_PROJECT_VERSION = 1;
				DEVELOPMENT_TEAM = TVLRWAB39R;
				GENERATE_INFOPLIST_FILE = YES;
				MARKETING_VERSION = 1.0;
				PRODUCT_BUNDLE_IDENTIFIER = kmakieiev.macintAllUITests;
				PRODUCT_NAME = "$(TARGET_NAME)";
				SWIFT_EMIT_LOC_STRINGS = NO;
				SWIFT_VERSION = 5.0;
				TEST_TARGET_NAME = macintAll;
			};
			name = Release;
		};
/* End XCBuildConfiguration section */

/* Begin XCConfigurationList section */
		42C249582B14CAFC00926D60 /* Build configuration list for PBXProject "macintAll" */ = {
			isa = XCConfigurationList;
			buildConfigurations = (
				42C249802B14CAFE00926D60 /* Debug */,
				42C249812B14CAFE00926D60 /* Release */,
			);
			defaultConfigurationIsVisible = 0;
			defaultConfigurationName = Release;
		};
		42C249822B14CAFE00926D60 /* Build configuration list for PBXNativeTarget "macintAll" */ = {
			isa = XCConfigurationList;
			buildConfigurations = (
				42C249832B14CAFE00926D60 /* Debug */,
				42C249842B14CAFE00926D60 /* Release */,
			);
			defaultConfigurationIsVisible = 0;
			defaultConfigurationName = Release;
		};
		42C249852B14CAFE00926D60 /* Build configuration list for PBXNativeTarget "macintAllTests" */ = {
			isa = XCConfigurationList;
			buildConfigurations = (
				42C249862B14CAFE00926D60 /* Debug */,
				42C249872B14CAFE00926D60 /* Release */,
			);
			defaultConfigurationIsVisible = 0;
			defaultConfigurationName = Release;
		};
		42C249882B14CAFE00926D60 /* Build configuration list for PBXNativeTarget "macintAllUITests" */ = {
			isa = XCConfigurationList;
			buildConfigurations = (
				42C249892B14CAFE00926D60 /* Debug */,
				42C2498A2B14CAFE00926D60 /* Release */,
			);
			defaultConfigurationIsVisible = 0;
			defaultConfigurationName = Release;
		};
/* End XCConfigurationList section */

/* Begin XCRemoteSwiftPackageReference section */
		425D614C2B1A6D400033038F /* XCRemoteSwiftPackageReference "Zip" */ = {
			isa = XCRemoteSwiftPackageReference;
			repositoryURL = "https://github.com/marmelroy/Zip";
			requirement = {
				kind = upToNextMajorVersion;
				minimumVersion = 2.1.2;
			};
		};
/* End XCRemoteSwiftPackageReference section */

/* Begin XCSwiftPackageProductDependency section */
		425D614D2B1A6D400033038F /* Zip */ = {
			isa = XCSwiftPackageProductDependency;
			package = 425D614C2B1A6D400033038F /* XCRemoteSwiftPackageReference "Zip" */;
			productName = Zip;
		};
/* End XCSwiftPackageProductDependency section */
	};
	rootObject = 42C249552B14CAFC00926D60 /* Project object */;
}
