// !$*UTF8*$!
{
	archiveVersion = 1;
	classes = {
	};
	objectVersion = 56;
	objects = {

/* Begin PBXBuildFile section */
		42C249612B14CAFC00926D60 /* macintAllApp.swift in Sources */ = {isa = PBXBuildFile; fileRef = 42C249602B14CAFC00926D60 /* macintAllApp.swift */; };
		42C249632B14CAFC00926D60 /* ContentView.swift in Sources */ = {isa = PBXBuildFile; fileRef = 42C249622B14CAFC00926D60 /* ContentView.swift */; };
		42C249652B14CAFE00926D60 /* Assets.xcassets in Resources */ = {isa = PBXBuildFile; fileRef = 42C249642B14CAFE00926D60 /* Assets.xcassets */; };
		42C249682B14CAFE00926D60 /* Preview Assets.xcassets in Resources */ = {isa = PBXBuildFile; fileRef = 42C249672B14CAFE00926D60 /* Preview Assets.xcassets */; };
		42C249732B14CAFE00926D60 /* macintAllTests.swift in Sources */ = {isa = PBXBuildFile; fileRef = 42C249722B14CAFE00926D60 /* macintAllTests.swift */; };
		42C2497D2B14CAFE00926D60 /* macintAllUITests.swift in Sources */ = {isa = PBXBuildFile; fileRef = 42C2497C2B14CAFE00926D60 /* macintAllUITests.swift */; };
		42C2497F2B14CAFE00926D60 /* macintAllUITestsLaunchTests.swift in Sources */ = {isa = PBXBuildFile; fileRef = 42C2497E2B14CAFE00926D60 /* macintAllUITestsLaunchTests.swift */; };
/* End PBXBuildFile section */

/* Begin PBXContainerItemProxy section */
		42C2496F2B14CAFE00926D60 /* PBXContainerItemProxy */ = {
			isa = PBXContainerItemProxy;
			containerPortal = 42C249552B14CAFC00926D60 /* Project object */;
			proxyType = 1;
			remoteGlobalIDString = 42C2495C2B14CAFC00926D60;
			remoteInfo = macintAll;
		};
		42C249792B14CAFE00926D60 /* PBXContainerItemProxy */ = {
			isa = PBXContainerItemProxy;
			containerPortal = 42C249552B14CAFC00926D60 /* Project object */;
			proxyType = 1;
			remoteGlobalIDString = 42C2495C2B14CAFC00926D60;
			remoteInfo = macintAll;
		};
/* End PBXContainerItemProxy section */

/* Begin PBXFileReference section */
		42C2495D2B14CAFC00926D60 /* macintAll.app */ = {isa = PBXFileReference; explicitFileType = wrapper.application; includeInIndex = 0; path = macintAll.app; sourceTree = BUILT_PRODUCTS_DIR; };
		42C249602B14CAFC00926D60 /* macintAllApp.swift */ = {isa = PBXFileReference; lastKnownFileType = sourcecode.swift; path = macintAllApp.swift; sourceTree = "<group>"; };
		42C249622B14CAFC00926D60 /* ContentView.swift */ = {isa = PBXFileReference; lastKnownFileType = sourcecode.swift; path = ContentView.swift; sourceTree = "<group>"; };
		42C249642B14CAFE00926D60 /* Assets.xcassets */ = {isa = PBXFileReference; lastKnownFileType = folder.assetcatalog; path = Assets.xcassets; sourceTree = "<group>"; };
		42C249672B14CAFE00926D60 /* Preview Assets.xcassets */ = {isa = PBXFileReference; lastKnownFileType = folder.assetcatalog; path = "Preview Assets.xcassets"; sourceTree = "<group>"; };
		42C249692B14CAFE00926D60 /* macintAll.entitlements */ = {isa = PBXFileReference; lastKnownFileType = text.plist.entitlements; path = macintAll.entitlements; sourceTree = "<group>"; };
		42C2496E2B14CAFE00926D60 /* macintAllTests.xctest */ = {isa = PBXFileReference; explicitFileType = wrapper.cfbundle; includeInIndex = 0; path = macintAllTests.xctest; sourceTree = BUILT_PRODUCTS_DIR; };
		42C249722B14CAFE00926D60 /* macintAllTests.swift */ = {isa = PBXFileReference; lastKnownFileType = sourcecode.swift; path = macintAllTests.swift; sourceTree = "<group>"; };
		42C249782B14CAFE00926D60 /* macintAllUITests.xctest */ = {isa = PBXFileReference; explicitFileType = wrapper.cfbundle; includeInIndex = 0; path = macintAllUITests.xctest; sourceTree = BUILT_PRODUCTS_DIR; };
		42C2497C2B14CAFE00926D60 /* macintAllUITests.swift */ = {isa = PBXFileReference; lastKnownFileType = sourcecode.swift; path = macintAllUITests.swift; sourceTree = "<group>"; };
		42C2497E2B14CAFE00926D60 /* macintAllUITestsLaunchTests.swift */ = {isa = PBXFileReference; lastKnownFileType = sourcecode.swift; path = macintAllUITestsLaunchTests.swift; sourceTree = "<group>"; };
/* End PBXFileReference section */

/* Begin PBXFrameworksBuildPhase section */
		42C2495A2B14CAFC00926D60 /* Frameworks */ = {
			isa = PBXFrameworksBuildPhase;
			buildActionMask = 2147483647;
			files = (
			);
			runOnlyForDeploymentPostprocessing = 0;
		};
		42C2496B2B14CAFE00926D60 /* Frameworks */ = {
			isa = PBXFrameworksBuildPhase;
			buildActionMask = 2147483647;
			files = (
			);
			runOnlyForDeploymentPostprocessing = 0;
		};
		42C249752B14CAFE00926D60 /* Frameworks */ = {
			isa = PBXFrameworksBuildPhase;
			buildActionMask = 2147483647;
			files = (
			);
			runOnlyForDeploymentPostprocessing = 0;
		};
/* End PBXFrameworksBuildPhase section */

/* Begin PBXGroup section */
		42C249542B14CAFC00926D60 = {
			isa = PBXGroup;
			children = (
				42C2495F2B14CAFC00926D60 /* macintAll */,
				42C249712B14CAFE00926D60 /* macintAllTests */,
				42C2497B2B14CAFE00926D60 /* macintAllUITests */,
				42C2495E2B14CAFC00926D60 /* Products */,
			);
			sourceTree = "<group>";
		};
		42C2495E2B14CAFC00926D60 /* Products */ = {
			isa = PBXGroup;
			children = (
				42C2495D2B14CAFC00926D60 /* macintAll.app */,
				42C2496E2B14CAFE00926D60 /* macintAllTests.xctest */,
				42C249782B14CAFE00926D60 /* macintAllUITests.xctest */,
			);
			name = Products;
			sourceTree = "<group>";
		};
		42C2495F2B14CAFC00926D60 /* macintAll */ = {
			isa = PBXGroup;
			children = (
				42C249602B14CAFC00926D60 /* macintAllApp.swift */,
				42C249622B14CAFC00926D60 /* ContentView.swift */,
				42C249642B14CAFE00926D60 /* Assets.xcassets */,
				42C249692B14CAFE00926D60 /* macintAll.entitlements */,
				42C249662B14CAFE00926D60 /* Preview Content */,
			);
			path = macintAll;
			sourceTree = "<group>";
		};
		42C249662B14CAFE00926D60 /* Preview Content */ = {
			isa = PBXGroup;
			children = (
				42C249672B14CAFE00926D60 /* Preview Assets.xcassets */,
			);
			path = "Preview Content";
			sourceTree = "<group>";
		};
		42C249712B14CAFE00926D60 /* macintAllTests */ = {
			isa = PBXGroup;
			children = (
				42C249722B14CAFE00926D60 /* macintAllTests.swift */,
			);
			path = macintAllTests;
			sourceTree = "<group>";
		};
		42C2497B2B14CAFE00926D60 /* macintAllUITests */ = {
			isa = PBXGroup;
			children = (
				42C2497C2B14CAFE00926D60 /* macintAllUITests.swift */,
				42C2497E2B14CAFE00926D60 /* macintAllUITestsLaunchTests.swift */,
			);
			path = macintAllUITests;
			sourceTree = "<group>";
		};
/* End PBXGroup section */

/* Begin PBXNativeTarget section */
		42C2495C2B14CAFC00926D60 /* macintAll */ = {
			isa = PBXNativeTarget;
			buildConfigurationList = 42C249822B14CAFE00926D60 /* Build configuration list for PBXNativeTarget "macintAll" */;
			buildPhases = (
				42C249592B14CAFC00926D60 /* Sources */,
				42C2495A2B14CAFC00926D60 /* Frameworks */,
				42C2495B2B14CAFC00926D60 /* Resources */,
			);
			buildRules = (
			);
			dependencies = (
			);
			name = macintAll;
			productName = macintAll;
			productReference = 42C2495D2B14CAFC00926D60 /* macintAll.app */;
			productType = "com.apple.product-type.application";
		};
		42C2496D2B14CAFE00926D60 /* macintAllTests */ = {
			isa = PBXNativeTarget;
			buildConfigurationList = 42C249852B14CAFE00926D60 /* Build configuration list for PBXNativeTarget "macintAllTests" */;
			buildPhases = (
				42C2496A2B14CAFE00926D60 /* Sources */,
				42C2496B2B14CAFE00926D60 /* Frameworks */,
				42C2496C2B14CAFE00926D60 /* Resources */,
			);
			buildRules = (
			);
			dependencies = (
				42C249702B14CAFE00926D60 /* PBXTargetDependency */,
			);
			name = macintAllTests;
			productName = macintAllTests;
			productReference = 42C2496E2B14CAFE00926D60 /* macintAllTests.xctest */;
			productType = "com.apple.product-type.bundle.unit-test";
		};
		42C249772B14CAFE00926D60 /* macintAllUITests */ = {
			isa = PBXNativeTarget;
			buildConfigurationList = 42C249882B14CAFE00926D60 /* Build configuration list for PBXNativeTarget "macintAllUITests" */;
			buildPhases = (
				42C249742B14CAFE00926D60 /* Sources */,
				42C249752B14CAFE00926D60 /* Frameworks */,
				42C249762B14CAFE00926D60 /* Resources */,
			);
			buildRules = (
			);
			dependencies = (
				42C2497A2B14CAFE00926D60 /* PBXTargetDependency */,
			);
			name = macintAllUITests;
			productName = macintAllUITests;
			productReference = 42C249782B14CAFE00926D60 /* macintAllUITests.xctest */;
			productType = "com.apple.product-type.bundle.ui-testing";
		};
/* End PBXNativeTarget section */

/* Begin PBXProject section */
		42C249552B14CAFC00926D60 /* Project object */ = {
			isa = PBXProject;
			attributes = {
				BuildIndependentTargetsInParallel = 1;
				LastSwiftUpdateCheck = 1500;
				LastUpgradeCheck = 1500;
				TargetAttributes = {
					42C2495C2B14CAFC00926D60 = {
						CreatedOnToolsVersion = 15.0.1;
					};
					42C2496D2B14CAFE00926D60 = {
						CreatedOnToolsVersion = 15.0.1;
						TestTargetID = 42C2495C2B14CAFC00926D60;
					};
					42C249772B14CAFE00926D60 = {
						CreatedOnToolsVersion = 15.0.1;
						TestTargetID = 42C2495C2B14CAFC00926D60;
					};
				};
			};
			buildConfigurationList = 42C249582B14CAFC00926D60 /* Build configuration list for PBXProject "macintAll" */;
			compatibilityVersion = "Xcode 14.0";
			developmentRegion = en;
			hasScannedForEncodings = 0;
			knownRegions = (
				en,
				Base,
			);
			mainGroup = 42C249542B14CAFC00926D60;
			productRefGroup = 42C2495E2B14CAFC00926D60 /* Products */;
			projectDirPath = "";
			projectRoot = "";
			targets = (
				42C2495C2B14CAFC00926D60 /* macintAll */,
				42C2496D2B14CAFE00926D60 /* macintAllTests */,
				42C249772B14CAFE00926D60 /* macintAllUITests */,
			);
		};
/* End PBXProject section */

/* Begin PBXResourcesBuildPhase section */
		42C2495B2B14CAFC00926D60 /* Resources */ = {
			isa = PBXResourcesBuildPhase;
			buildActionMask = 2147483647;
			files = (
				42C249682B14CAFE00926D60 /* Preview Assets.xcassets in Resources */,
				42C249652B14CAFE00926D60 /* Assets.xcassets in Resources */,
			);
			runOnlyForDeploymentPostprocessing = 0;
		};
		42C2496C2B14CAFE00926D60 /* Resources */ = {
			isa = PBXResourcesBuildPhase;
			buildActionMask = 2147483647;
			files = (
			);
			runOnlyForDeploymentPostprocessing = 0;
		};
		42C249762B14CAFE00926D60 /* Resources */ = {
			isa = PBXResourcesBuildPhase;
			buildActionMask = 2147483647;
			files = (
			);
			runOnlyForDeploymentPostprocessing = 0;
		};
/* End PBXResourcesBuildPhase section */

/* Begin PBXSourcesBuildPhase section */
		42C249592B14CAFC00926D60 /* Sources */ = {
			isa = PBXSourcesBuildPhase;
			buildActionMask = 2147483647;
			files = (
				42C249632B14CAFC00926D60 /* ContentView.swift in Sources */,
				42C249612B14CAFC00926D60 /* macintAllApp.swift in Sources */,
			);
			runOnlyForDeploymentPostprocessing = 0;
		};
		42C2496A2B14CAFE00926D60 /* Sources */ = {
			isa = PBXSourcesBuildPhase;
			buildActionMask = 2147483647;
			files = (
				42C249732B14CAFE00926D60 /* macintAllTests.swift in Sources */,
			);
			runOnlyForDeploymentPostprocessing = 0;
		};
		42C249742B14CAFE00926D60 /* Sources */ = {
			isa = PBXSourcesBuildPhase;
			buildActionMask = 2147483647;
			files = (
				42C2497F2B14CAFE00926D60 /* macintAllUITestsLaunchTests.swift in Sources */,
				42C2497D2B14CAFE00926D60 /* macintAllUITests.swift in Sources */,
			);
			runOnlyForDeploymentPostprocessing = 0;
		};
/* End PBXSourcesBuildPhase section */

/* Begin PBXTargetDependency section */
		42C249702B14CAFE00926D60 /* PBXTargetDependency */ = {
			isa = PBXTargetDependency;
			target = 42C2495C2B14CAFC00926D60 /* macintAll */;
			targetProxy = 42C2496F2B14CAFE00926D60 /* PBXContainerItemProxy */;
		};
		42C2497A2B14CAFE00926D60 /* PBXTargetDependency */ = {
			isa = PBXTargetDependency;
			target = 42C2495C2B14CAFC00926D60 /* macintAll */;
			targetProxy = 42C249792B14CAFE00926D60 /* PBXContainerItemProxy */;
		};
/* End PBXTargetDependency section */

/* Begin XCBuildConfiguration section */
		42C249802B14CAFE00926D60 /* Debug */ = {
			isa = XCBuildConfiguration;
			buildSettings = {
				ALWAYS_SEARCH_USER_PATHS = NO;
				ASSETCATALOG_COMPILER_GENERATE_SWIFT_ASSET_SYMBOL_EXTENSIONS = YES;
				CLANG_ANALYZER_NONNULL = YES;
				CLANG_ANALYZER_NUMBER_OBJECT_CONVERSION = YES_AGGRESSIVE;
				CLANG_CXX_LANGUAGE_STANDARD = "gnu++20";
				CLANG_ENABLE_MODULES = YES;
				CLANG_ENABLE_OBJC_ARC = YES;
				CLANG_ENABLE_OBJC_WEAK = YES;
				CLANG_WARN_BLOCK_CAPTURE_AUTORELEASING = YES;
				CLANG_WARN_BOOL_CONVERSION = YES;
				CLANG_WARN_COMMA = YES;
				CLANG_WARN_CONSTANT_CONVERSION = YES;
				CLANG_WARN_DEPRECATED_OBJC_IMPLEMENTATIONS = YES;
				CLANG_WARN_DIRECT_OBJC_ISA_USAGE = YES_ERROR;
				CLANG_WARN_DOCUMENTATION_COMMENTS = YES;
				CLANG_WARN_EMPTY_BODY = YES;
				CLANG_WARN_ENUM_CONVERSION = YES;
				CLANG_WARN_INFINITE_RECURSION = YES;
				CLANG_WARN_INT_CONVERSION = YES;
				CLANG_WARN_NON_LITERAL_NULL_CONVERSION = YES;
				CLANG_WARN_OBJC_IMPLICIT_RETAIN_SELF = YES;
				CLANG_WARN_OBJC_LITERAL_CONVERSION = YES;
				CLANG_WARN_OBJC_ROOT_CLASS = YES_ERROR;
				CLANG_WARN_QUOTED_INCLUDE_IN_FRAMEWORK_HEADER = YES;
				CLANG_WARN_RANGE_LOOP_ANALYSIS = YES;
				CLANG_WARN_STRICT_PROTOTYPES = YES;
				CLANG_WARN_SUSPICIOUS_MOVE = YES;
				CLANG_WARN_UNGUARDED_AVAILABILITY = YES_AGGRESSIVE;
				CLANG_WARN_UNREACHABLE_CODE = YES;
				CLANG_WARN__DUPLICATE_METHOD_MATCH = YES;
				COPY_PHASE_STRIP = NO;
				DEBUG_INFORMATION_FORMAT = dwarf;
				ENABLE_STRICT_OBJC_MSGSEND = YES;
				ENABLE_TESTABILITY = YES;
				ENABLE_USER_SCRIPT_SANDBOXING = YES;
				GCC_C_LANGUAGE_STANDARD = gnu17;
				GCC_DYNAMIC_NO_PIC = NO;
				GCC_NO_COMMON_BLOCKS = YES;
				GCC_OPTIMIZATION_LEVEL = 0;
				GCC_PREPROCESSOR_DEFINITIONS = (
					"DEBUG=1",
					"$(inherited)",
				);
				GCC_WARN_64_TO_32_BIT_CONVERSION = YES;
				GCC_WARN_ABOUT_RETURN_TYPE = YES_ERROR;
				GCC_WARN_UNDECLARED_SELECTOR = YES;
				GCC_WARN_UNINITIALIZED_AUTOS = YES_AGGRESSIVE;
				GCC_WARN_UNUSED_FUNCTION = YES;
				GCC_WARN_UNUSED_VARIABLE = YES;
				LOCALIZATION_PREFERS_STRING_CATALOGS = YES;
				MACOSX_DEPLOYMENT_TARGET = 13.6;
				MTL_ENABLE_DEBUG_INFO = INCLUDE_SOURCE;
				MTL_FAST_MATH = YES;
				ONLY_ACTIVE_ARCH = YES;
				SDKROOT = macosx;
				SWIFT_ACTIVE_COMPILATION_CONDITIONS = "DEBUG $(inherited)";
				SWIFT_OPTIMIZATION_LEVEL = "-Onone";
			};
			name = Debug;
		};
		42C249812B14CAFE00926D60 /* Release */ = {
			isa = XCBuildConfiguration;
			buildSettings = {
				ALWAYS_SEARCH_USER_PATHS = NO;
				ASSETCATALOG_COMPILER_GENERATE_SWIFT_ASSET_SYMBOL_EXTENSIONS = YES;
				CLANG_ANALYZER_NONNULL = YES;
				CLANG_ANALYZER_NUMBER_OBJECT_CONVERSION = YES_AGGRESSIVE;
				CLANG_CXX_LANGUAGE_STANDARD = "gnu++20";
				CLANG_ENABLE_MODULES = YES;
				CLANG_ENABLE_OBJC_ARC = YES;
				CLANG_ENABLE_OBJC_WEAK = YES;
				CLANG_WARN_BLOCK_CAPTURE_AUTORELEASING = YES;
				CLANG_WARN_BOOL_CONVERSION = YES;
				CLANG_WARN_COMMA = YES;
				CLANG_WARN_CONSTANT_CONVERSION = YES;
				CLANG_WARN_DEPRECATED_OBJC_IMPLEMENTATIONS = YES;
				CLANG_WARN_DIRECT_OBJC_ISA_USAGE = YES_ERROR;
				CLANG_WARN_DOCUMENTATION_COMMENTS = YES;
				CLANG_WARN_EMPTY_BODY = YES;
				CLANG_WARN_ENUM_CONVERSION = YES;
				CLANG_WARN_INFINITE_RECURSION = YES;
				CLANG_WARN_INT_CONVERSION = YES;
				CLANG_WARN_NON_LITERAL_NULL_CONVERSION = YES;
				CLANG_WARN_OBJC_IMPLICIT_RETAIN_SELF = YES;
				CLANG_WARN_OBJC_LITERAL_CONVERSION = YES;
				CLANG_WARN_OBJC_ROOT_CLASS = YES_ERROR;
				CLANG_WARN_QUOTED_INCLUDE_IN_FRAMEWORK_HEADER = YES;
				CLANG_WARN_RANGE_LOOP_ANALYSIS = YES;
				CLANG_WARN_STRICT_PROTOTYPES = YES;
				CLANG_WARN_SUSPICIOUS_MOVE = YES;
				CLANG_WARN_UNGUARDED_AVAILABILITY = YES_AGGRESSIVE;
				CLANG_WARN_UNREACHABLE_CODE = YES;
				CLANG_WARN__DUPLICATE_METHOD_MATCH = YES;
				COPY_PHASE_STRIP = NO;
				DEBUG_INFORMATION_FORMAT = "dwarf-with-dsym";
				ENABLE_NS_ASSERTIONS = NO;
				ENABLE_STRICT_OBJC_MSGSEND = YES;
				ENABLE_USER_SCRIPT_SANDBOXING = YES;
				GCC_C_LANGUAGE_STANDARD = gnu17;
				GCC_NO_COMMON_BLOCKS = YES;
				GCC_WARN_64_TO_32_BIT_CONVERSION = YES;
				GCC_WARN_ABOUT_RETURN_TYPE = YES_ERROR;
				GCC_WARN_UNDECLARED_SELECTOR = YES;
				GCC_WARN_UNINITIALIZED_AUTOS = YES_AGGRESSIVE;
				GCC_WARN_UNUSED_FUNCTION = YES;
				GCC_WARN_UNUSED_VARIABLE = YES;
				LOCALIZATION_PREFERS_STRING_CATALOGS = YES;
				MACOSX_DEPLOYMENT_TARGET = 13.6;
				MTL_ENABLE_DEBUG_INFO = NO;
				MTL_FAST_MATH = YES;
				SDKROOT = macosx;
				SWIFT_COMPILATION_MODE = wholemodule;
			};
			name = Release;
		};
		42C249832B14CAFE00926D60 /* Debug */ = {
			isa = XCBuildConfiguration;
			buildSettings = {
				ASSETCATALOG_COMPILER_APPICON_NAME = AppIcon;
				ASSETCATALOG_COMPILER_GLOBAL_ACCENT_COLOR_NAME = AccentColor;
				CODE_SIGN_ENTITLEMENTS = macintAll/macintAll.entitlements;
				CODE_SIGN_STYLE = Automatic;
				COMBINE_HIDPI_IMAGES = YES;
				CURRENT_PROJECT_VERSION = 1;
				DEVELOPMENT_ASSET_PATHS = "\"macintAll/Preview Content\"";
				DEVELOPMENT_TEAM = TVLRWAB39R;
				ENABLE_HARDENED_RUNTIME = YES;
				ENABLE_PREVIEWS = YES;
				GENERATE_INFOPLIST_FILE = YES;
				INFOPLIST_KEY_NSHumanReadableCopyright = "";
				LD_RUNPATH_SEARCH_PATHS = (
					"$(inherited)",
					"@executable_path/../Frameworks",
				);
				MARKETING_VERSION = 1.0;
				PRODUCT_BUNDLE_IDENTIFIER = kmakieiev.macintAll;
				PRODUCT_NAME = "$(TARGET_NAME)";
				SWIFT_EMIT_LOC_STRINGS = YES;
				SWIFT_VERSION = 5.0;
			};
			name = Debug;
		};
		42C249842B14CAFE00926D60 /* Release */ = {
			isa = XCBuildConfiguration;
			buildSettings = {
				ASSETCATALOG_COMPILER_APPICON_NAME = AppIcon;
				ASSETCATALOG_COMPILER_GLOBAL_ACCENT_COLOR_NAME = AccentColor;
				CODE_SIGN_ENTITLEMENTS = macintAll/macintAll.entitlements;
				CODE_SIGN_STYLE = Automatic;
				COMBINE_HIDPI_IMAGES = YES;
				CURRENT_PROJECT_VERSION = 1;
				DEVELOPMENT_ASSET_PATHS = "\"macintAll/Preview Content\"";
				DEVELOPMENT_TEAM = TVLRWAB39R;
				ENABLE_HARDENED_RUNTIME = YES;
				ENABLE_PREVIEWS = YES;
				GENERATE_INFOPLIST_FILE = YES;
				INFOPLIST_KEY_NSHumanReadableCopyright = "";
				LD_RUNPATH_SEARCH_PATHS = (
					"$(inherited)",
					"@executable_path/../Frameworks",
				);
				MARKETING_VERSION = 1.0;
				PRODUCT_BUNDLE_IDENTIFIER = kmakieiev.macintAll;
				PRODUCT_NAME = "$(TARGET_NAME)";
				SWIFT_EMIT_LOC_STRINGS = YES;
				SWIFT_VERSION = 5.0;
			};
			name = Release;
		};
		42C249862B14CAFE00926D60 /* Debug */ = {
			isa = XCBuildConfiguration;
			buildSettings = {
				ALWAYS_EMBED_SWIFT_STANDARD_LIBRARIES = YES;
				BUNDLE_LOADER = "$(TEST_HOST)";
				CODE_SIGN_STYLE = Automatic;
				CURRENT_PROJECT_VERSION = 1;
				DEVELOPMENT_TEAM = TVLRWAB39R;
				GENERATE_INFOPLIST_FILE = YES;
				MACOSX_DEPLOYMENT_TARGET = 13.6;
				MARKETING_VERSION = 1.0;
				PRODUCT_BUNDLE_IDENTIFIER = kmakieiev.macintAllTests;
				PRODUCT_NAME = "$(TARGET_NAME)";
				SWIFT_EMIT_LOC_STRINGS = NO;
				SWIFT_VERSION = 5.0;
				TEST_HOST = "$(BUILT_PRODUCTS_DIR)/macintAll.app/$(BUNDLE_EXECUTABLE_FOLDER_PATH)/macintAll";
			};
			name = Debug;
		};
		42C249872B14CAFE00926D60 /* Release */ = {
			isa = XCBuildConfiguration;
			buildSettings = {
				ALWAYS_EMBED_SWIFT_STANDARD_LIBRARIES = YES;
				BUNDLE_LOADER = "$(TEST_HOST)";
				CODE_SIGN_STYLE = Automatic;
				CURRENT_PROJECT_VERSION = 1;
				DEVELOPMENT_TEAM = TVLRWAB39R;
				GENERATE_INFOPLIST_FILE = YES;
				MACOSX_DEPLOYMENT_TARGET = 13.6;
				MARKETING_VERSION = 1.0;
				PRODUCT_BUNDLE_IDENTIFIER = kmakieiev.macintAllTests;
				PRODUCT_NAME = "$(TARGET_NAME)";
				SWIFT_EMIT_LOC_STRINGS = NO;
				SWIFT_VERSION = 5.0;
				TEST_HOST = "$(BUILT_PRODUCTS_DIR)/macintAll.app/$(BUNDLE_EXECUTABLE_FOLDER_PATH)/macintAll";
			};
			name = Release;
		};
		42C249892B14CAFE00926D60 /* Debug */ = {
			isa = XCBuildConfiguration;
			buildSettings = {
				ALWAYS_EMBED_SWIFT_STANDARD_LIBRARIES = YES;
				CODE_SIGN_STYLE = Automatic;
				CURRENT_PROJECT_VERSION = 1;
				DEVELOPMENT_TEAM = TVLRWAB39R;
				GENERATE_INFOPLIST_FILE = YES;
				MARKETING_VERSION = 1.0;
				PRODUCT_BUNDLE_IDENTIFIER = kmakieiev.macintAllUITests;
				PRODUCT_NAME = "$(TARGET_NAME)";
				SWIFT_EMIT_LOC_STRINGS = NO;
				SWIFT_VERSION = 5.0;
				TEST_TARGET_NAME = macintAll;
			};
			name = Debug;
		};
		42C2498A2B14CAFE00926D60 /* Release */ = {
			isa = XCBuildConfiguration;
			buildSettings = {
				ALWAYS_EMBED_SWIFT_STANDARD_LIBRARIES = YES;
				CODE_SIGN_STYLE = Automatic;
				CURRENT_PROJECT_VERSION = 1;
				DEVELOPMENT_TEAM = TVLRWAB39R;
				GENERATE_INFOPLIST_FILE = YES;
				MARKETING_VERSION = 1.0;
				PRODUCT_BUNDLE_IDENTIFIER = kmakieiev.macintAllUITests;
				PRODUCT_NAME = "$(TARGET_NAME)";
				SWIFT_EMIT_LOC_STRINGS = NO;
				SWIFT_VERSION = 5.0;
				TEST_TARGET_NAME = macintAll;
			};
			name = Release;
		};
/* End XCBuildConfiguration section */

/* Begin XCConfigurationList section */
		42C249582B14CAFC00926D60 /* Build configuration list for PBXProject "macintAll" */ = {
			isa = XCConfigurationList;
			buildConfigurations = (
				42C249802B14CAFE00926D60 /* Debug */,
				42C249812B14CAFE00926D60 /* Release */,
			);
			defaultConfigurationIsVisible = 0;
			defaultConfigurationName = Release;
		};
		42C249822B14CAFE00926D60 /* Build configuration list for PBXNativeTarget "macintAll" */ = {
			isa = XCConfigurationList;
			buildConfigurations = (
				42C249832B14CAFE00926D60 /* Debug */,
				42C249842B14CAFE00926D60 /* Release */,
			);
			defaultConfigurationIsVisible = 0;
			defaultConfigurationName = Release;
		};
		42C249852B14CAFE00926D60 /* Build configuration list for PBXNativeTarget "macintAllTests" */ = {
			isa = XCConfigurationList;
			buildConfigurations = (
				42C249862B14CAFE00926D60 /* Debug */,
				42C249872B14CAFE00926D60 /* Release */,
			);
			defaultConfigurationIsVisible = 0;
			defaultConfigurationName = Release;
		};
		42C249882B14CAFE00926D60 /* Build configuration list for PBXNativeTarget "macintAllUITests" */ = {
			isa = XCConfigurationList;
			buildConfigurations = (
				42C249892B14CAFE00926D60 /* Debug */,
				42C2498A2B14CAFE00926D60 /* Release */,
			);
			defaultConfigurationIsVisible = 0;
			defaultConfigurationName = Release;
		};
/* End XCConfigurationList section */
	};
	rootObject = 42C249552B14CAFC00926D60 /* Project object */;
}
